{
  "name": "global.flareline.com",
  "version": "1.0.0",
  "lockfileVersion": 2,
  "requires": true,
  "packages": {
    "": {
      "version": "1.0.0",
      "license": "ISC",
      "devDependencies": {
        "@aws-cdk/aws-certificatemanager": "^1.108.1",
        "@aws-cdk/aws-route53": "^1.108.1",
        "@aws-cdk/core": "^1.108.1"
      }
    },
    "node_modules/@aws-cdk/assets": {
      "version": "1.108.1",
      "resolved": "https://registry.npmjs.org/@aws-cdk/assets/-/assets-1.108.1.tgz",
      "integrity": "sha512-SNj0y944vstV98qfHKe+lxuLgRLp2hMeCa8aKZPH95MfWqJ5ioNp/cP3GIF0j8Ek0NsREgsN7SzsjYTR2vccdw==",
      "dev": true,
      "dependencies": {
        "@aws-cdk/core": "1.108.1",
        "@aws-cdk/cx-api": "1.108.1",
        "constructs": "^3.3.69"
      },
      "engines": {
        "node": ">= 10.13.0 <13 || >=13.7.0"
      },
      "peerDependencies": {
        "@aws-cdk/core": "1.108.1",
        "@aws-cdk/cx-api": "1.108.1",
        "constructs": "^3.3.69"
      }
    },
    "node_modules/@aws-cdk/aws-applicationautoscaling": {
      "version": "1.108.1",
      "resolved": "https://registry.npmjs.org/@aws-cdk/aws-applicationautoscaling/-/aws-applicationautoscaling-1.108.1.tgz",
      "integrity": "sha512-75iGnGBdb3cXE/SnpTDNh+LCOnAHaK0GEwMGgxHOr0IXbMYbLRuRHQdSjHffRzTF9zH17DoW+fi9qvSkkFduKw==",
      "dev": true,
      "dependencies": {
        "@aws-cdk/aws-autoscaling-common": "1.108.1",
        "@aws-cdk/aws-cloudwatch": "1.108.1",
        "@aws-cdk/aws-iam": "1.108.1",
        "@aws-cdk/core": "1.108.1",
        "constructs": "^3.3.69"
      },
      "engines": {
        "node": ">= 10.13.0 <13 || >=13.7.0"
      },
      "peerDependencies": {
        "@aws-cdk/aws-autoscaling-common": "1.108.1",
        "@aws-cdk/aws-cloudwatch": "1.108.1",
        "@aws-cdk/aws-iam": "1.108.1",
        "@aws-cdk/core": "1.108.1",
        "constructs": "^3.3.69"
      }
    },
    "node_modules/@aws-cdk/aws-autoscaling-common": {
      "version": "1.108.1",
      "resolved": "https://registry.npmjs.org/@aws-cdk/aws-autoscaling-common/-/aws-autoscaling-common-1.108.1.tgz",
      "integrity": "sha512-ZX0wSa5OSlVDHuuLX0PZdzVHkBU+X2O5n7hpCY57Ix/5zjwB6R7oT7A8FyRvpjqF1L/zFXco48tjbZ6hpGT2Fg==",
      "dev": true,
      "dependencies": {
        "@aws-cdk/aws-iam": "1.108.1",
        "@aws-cdk/core": "1.108.1",
        "constructs": "^3.3.69"
      },
      "engines": {
        "node": ">= 10.13.0 <13 || >=13.7.0"
      },
      "peerDependencies": {
        "@aws-cdk/aws-iam": "1.108.1",
        "@aws-cdk/core": "1.108.1",
        "constructs": "^3.3.69"
      }
    },
    "node_modules/@aws-cdk/aws-certificatemanager": {
      "version": "1.108.1",
      "resolved": "https://registry.npmjs.org/@aws-cdk/aws-certificatemanager/-/aws-certificatemanager-1.108.1.tgz",
      "integrity": "sha512-TkKcczgzQk+nTCA/5ypxG7khBF0m7NrdS0zej30MmNRM1J2oxoh7Lx11ZsbKU1uYMuyFEKXDoK4n9Fq83dzqEw==",
      "dev": true,
      "dependencies": {
        "@aws-cdk/aws-iam": "1.108.1",
        "@aws-cdk/aws-lambda": "1.108.1",
        "@aws-cdk/aws-route53": "1.108.1",
        "@aws-cdk/core": "1.108.1",
        "constructs": "^3.3.69"
      },
      "engines": {
        "node": ">= 10.13.0 <13 || >=13.7.0"
      },
      "peerDependencies": {
        "@aws-cdk/aws-iam": "1.108.1",
        "@aws-cdk/aws-lambda": "1.108.1",
        "@aws-cdk/aws-route53": "1.108.1",
        "@aws-cdk/core": "1.108.1",
        "constructs": "^3.3.69"
      }
    },
    "node_modules/@aws-cdk/aws-cloudformation": {
      "version": "1.108.1",
      "resolved": "https://registry.npmjs.org/@aws-cdk/aws-cloudformation/-/aws-cloudformation-1.108.1.tgz",
      "integrity": "sha512-RNRO4hExbfgtGT5NmtTSZ9YvkfpRbwBKw/jfQoKNkkwi+DMmcliAKSx/0TyScubUQgej4lbNgLgMm0XlgM0+qw==",
      "dev": true,
      "dependencies": {
        "@aws-cdk/aws-iam": "1.108.1",
        "@aws-cdk/aws-lambda": "1.108.1",
        "@aws-cdk/aws-s3": "1.108.1",
        "@aws-cdk/aws-sns": "1.108.1",
        "@aws-cdk/core": "1.108.1",
        "@aws-cdk/cx-api": "1.108.1",
        "constructs": "^3.3.69"
      },
      "engines": {
        "node": ">= 10.13.0 <13 || >=13.7.0"
      },
      "peerDependencies": {
        "@aws-cdk/aws-iam": "1.108.1",
        "@aws-cdk/aws-lambda": "1.108.1",
        "@aws-cdk/aws-s3": "1.108.1",
        "@aws-cdk/aws-sns": "1.108.1",
        "@aws-cdk/core": "1.108.1",
        "@aws-cdk/cx-api": "1.108.1",
        "constructs": "^3.3.69"
      }
    },
    "node_modules/@aws-cdk/aws-cloudwatch": {
      "version": "1.108.1",
      "resolved": "https://registry.npmjs.org/@aws-cdk/aws-cloudwatch/-/aws-cloudwatch-1.108.1.tgz",
      "integrity": "sha512-Qm4Pf8YcrM5XmGW/YyS9CKuoYT254Ffch7axF4W6swC6XUb6Vg5umYji8yWLmlT4EwQzd4EBdHZkjX9ezWP70g==",
      "dev": true,
      "dependencies": {
        "@aws-cdk/aws-iam": "1.108.1",
        "@aws-cdk/core": "1.108.1",
        "constructs": "^3.3.69"
      },
      "engines": {
        "node": ">= 10.13.0 <13 || >=13.7.0"
      },
      "peerDependencies": {
        "@aws-cdk/aws-iam": "1.108.1",
        "@aws-cdk/core": "1.108.1",
        "constructs": "^3.3.69"
      }
    },
    "node_modules/@aws-cdk/aws-codeguruprofiler": {
      "version": "1.108.1",
      "resolved": "https://registry.npmjs.org/@aws-cdk/aws-codeguruprofiler/-/aws-codeguruprofiler-1.108.1.tgz",
      "integrity": "sha512-oMY8MEtoeBjL/GTBhdWDommOea2m+TYTbzg9z4TZjktBgF9pTi/e5gsD6HHFvEPQ0vnrVi6lR0+hw/wtZFaV6w==",
      "dev": true,
      "dependencies": {
        "@aws-cdk/aws-iam": "1.108.1",
        "@aws-cdk/core": "1.108.1",
        "constructs": "^3.3.69"
      },
      "engines": {
        "node": ">= 10.13.0 <13 || >=13.7.0"
      },
      "peerDependencies": {
        "@aws-cdk/aws-iam": "1.108.1",
        "@aws-cdk/core": "1.108.1",
        "constructs": "^3.3.69"
      }
    },
    "node_modules/@aws-cdk/aws-ec2": {
      "version": "1.108.1",
      "resolved": "https://registry.npmjs.org/@aws-cdk/aws-ec2/-/aws-ec2-1.108.1.tgz",
      "integrity": "sha512-ioPen5zfjtk7ZzLaDxSKxR2lyOFZzI1M1pljy+eRnipmi7EecrIA87wNY3785DOEWerR8Woh+1Ot1G+ujYQIdA==",
      "dev": true,
      "dependencies": {
        "@aws-cdk/aws-cloudwatch": "1.108.1",
        "@aws-cdk/aws-iam": "1.108.1",
        "@aws-cdk/aws-kms": "1.108.1",
        "@aws-cdk/aws-logs": "1.108.1",
        "@aws-cdk/aws-s3": "1.108.1",
        "@aws-cdk/aws-s3-assets": "1.108.1",
        "@aws-cdk/aws-ssm": "1.108.1",
        "@aws-cdk/cloud-assembly-schema": "1.108.1",
        "@aws-cdk/core": "1.108.1",
        "@aws-cdk/cx-api": "1.108.1",
        "@aws-cdk/region-info": "1.108.1",
        "constructs": "^3.3.69"
      },
      "engines": {
        "node": ">= 10.13.0 <13 || >=13.7.0"
      },
      "peerDependencies": {
        "@aws-cdk/aws-cloudwatch": "1.108.1",
        "@aws-cdk/aws-iam": "1.108.1",
        "@aws-cdk/aws-kms": "1.108.1",
        "@aws-cdk/aws-logs": "1.108.1",
        "@aws-cdk/aws-s3": "1.108.1",
        "@aws-cdk/aws-s3-assets": "1.108.1",
        "@aws-cdk/aws-ssm": "1.108.1",
        "@aws-cdk/cloud-assembly-schema": "1.108.1",
        "@aws-cdk/core": "1.108.1",
        "@aws-cdk/cx-api": "1.108.1",
        "@aws-cdk/region-info": "1.108.1",
        "constructs": "^3.3.69"
      }
    },
    "node_modules/@aws-cdk/aws-ecr": {
      "version": "1.108.1",
      "resolved": "https://registry.npmjs.org/@aws-cdk/aws-ecr/-/aws-ecr-1.108.1.tgz",
      "integrity": "sha512-zA1WczPjgEGRWSoEd7lLAmgclu35ks7iTcVhyMJbY+tHmc6CP0ak5B+qgwsPBjQT5ApBRb8vIb2UqmtB0tfzMQ==",
      "dev": true,
      "dependencies": {
        "@aws-cdk/aws-events": "1.108.1",
        "@aws-cdk/aws-iam": "1.108.1",
        "@aws-cdk/core": "1.108.1",
        "constructs": "^3.3.69"
      },
      "engines": {
        "node": ">= 10.13.0 <13 || >=13.7.0"
      },
      "peerDependencies": {
        "@aws-cdk/aws-events": "1.108.1",
        "@aws-cdk/aws-iam": "1.108.1",
        "@aws-cdk/core": "1.108.1",
        "constructs": "^3.3.69"
      }
    },
    "node_modules/@aws-cdk/aws-ecr-assets": {
      "version": "1.108.1",
      "resolved": "https://registry.npmjs.org/@aws-cdk/aws-ecr-assets/-/aws-ecr-assets-1.108.1.tgz",
      "integrity": "sha512-/JWUCeyfVlsEqpfz23ZyXP4tg1p3xekt7llxiMIQnuV02rVJf5aLqEjOwIROVFqi3Dip+x/VDfFO7AsBaTWZEg==",
      "bundleDependencies": [
        "minimatch"
      ],
      "dev": true,
      "dependencies": {
        "@aws-cdk/assets": "1.108.1",
        "@aws-cdk/aws-ecr": "1.108.1",
        "@aws-cdk/aws-iam": "1.108.1",
        "@aws-cdk/aws-s3": "1.108.1",
        "@aws-cdk/core": "1.108.1",
        "@aws-cdk/cx-api": "1.108.1",
        "constructs": "^3.3.69",
        "minimatch": "^3.0.4"
      },
      "engines": {
        "node": ">= 10.13.0 <13 || >=13.7.0"
      },
      "peerDependencies": {
        "@aws-cdk/assets": "1.108.1",
        "@aws-cdk/aws-ecr": "1.108.1",
        "@aws-cdk/aws-iam": "1.108.1",
        "@aws-cdk/aws-s3": "1.108.1",
        "@aws-cdk/core": "1.108.1",
        "@aws-cdk/cx-api": "1.108.1",
        "constructs": "^3.3.69"
      }
    },
    "node_modules/@aws-cdk/aws-ecr-assets/node_modules/balanced-match": {
      "version": "1.0.2",
      "dev": true,
      "inBundle": true,
      "license": "MIT"
    },
    "node_modules/@aws-cdk/aws-ecr-assets/node_modules/brace-expansion": {
      "version": "1.1.11",
      "dev": true,
      "inBundle": true,
      "license": "MIT",
      "dependencies": {
        "balanced-match": "^1.0.0",
        "concat-map": "0.0.1"
      }
    },
    "node_modules/@aws-cdk/aws-ecr-assets/node_modules/concat-map": {
      "version": "0.0.1",
      "dev": true,
      "inBundle": true,
      "license": "MIT"
    },
    "node_modules/@aws-cdk/aws-ecr-assets/node_modules/minimatch": {
      "version": "3.0.4",
      "dev": true,
      "inBundle": true,
      "license": "ISC",
      "dependencies": {
        "brace-expansion": "^1.1.7"
      },
      "engines": {
        "node": "*"
      }
    },
    "node_modules/@aws-cdk/aws-efs": {
      "version": "1.108.1",
      "resolved": "https://registry.npmjs.org/@aws-cdk/aws-efs/-/aws-efs-1.108.1.tgz",
      "integrity": "sha512-Toj+oGpvdRCgqtb4wmA7D/IIVTlnCeKnNFtPvC6KBMNh2HlhhrHqzE0o88My4AdkqsqkqizWZWOQxkB3SkMoqg==",
      "dev": true,
      "dependencies": {
        "@aws-cdk/aws-ec2": "1.108.1",
        "@aws-cdk/aws-kms": "1.108.1",
        "@aws-cdk/cloud-assembly-schema": "1.108.1",
        "@aws-cdk/core": "1.108.1",
        "@aws-cdk/cx-api": "1.108.1",
        "constructs": "^3.3.69"
      },
      "engines": {
        "node": ">= 10.13.0 <13 || >=13.7.0"
      },
      "peerDependencies": {
        "@aws-cdk/aws-ec2": "1.108.1",
        "@aws-cdk/aws-kms": "1.108.1",
        "@aws-cdk/cloud-assembly-schema": "1.108.1",
        "@aws-cdk/core": "1.108.1",
        "@aws-cdk/cx-api": "1.108.1",
        "constructs": "^3.3.69"
      }
    },
    "node_modules/@aws-cdk/aws-events": {
      "version": "1.108.1",
      "resolved": "https://registry.npmjs.org/@aws-cdk/aws-events/-/aws-events-1.108.1.tgz",
      "integrity": "sha512-fMZf6dm4WGNw/mVKfYdWIyh2cQhOS5RNyqNyiT7dvjf4Pw1w4L+cwU1+CvD0j/oGy+fgw+qKiW7VEj+IGJtFRw==",
      "dev": true,
      "dependencies": {
        "@aws-cdk/aws-iam": "1.108.1",
        "@aws-cdk/core": "1.108.1",
        "constructs": "^3.3.69"
      },
      "engines": {
        "node": ">= 10.13.0 <13 || >=13.7.0"
      },
      "peerDependencies": {
        "@aws-cdk/aws-iam": "1.108.1",
        "@aws-cdk/core": "1.108.1",
        "constructs": "^3.3.69"
      }
    },
    "node_modules/@aws-cdk/aws-iam": {
      "version": "1.108.1",
      "resolved": "https://registry.npmjs.org/@aws-cdk/aws-iam/-/aws-iam-1.108.1.tgz",
      "integrity": "sha512-ub0+RfM/TmfCrcIqmGGqk7QpmfR9M7qn1xqwJPxMAkZHvm+gklRgv38DrS32kHJkDEHlfVgtE+I76YjmRmti3A==",
      "dev": true,
      "dependencies": {
        "@aws-cdk/core": "1.108.1",
        "@aws-cdk/region-info": "1.108.1",
        "constructs": "^3.3.69"
      },
      "engines": {
        "node": ">= 10.13.0 <13 || >=13.7.0"
      },
      "peerDependencies": {
        "@aws-cdk/core": "1.108.1",
        "@aws-cdk/region-info": "1.108.1",
        "constructs": "^3.3.69"
      }
    },
    "node_modules/@aws-cdk/aws-kms": {
      "version": "1.108.1",
      "resolved": "https://registry.npmjs.org/@aws-cdk/aws-kms/-/aws-kms-1.108.1.tgz",
      "integrity": "sha512-jMzu7UtHqdhqEpCIRcc98AhUuesDGZNKcukKkXaDVmTiPcQSEFWVl8SafAy2QA08HDion9TIgE3y+g8FhIxkaw==",
      "dev": true,
      "dependencies": {
        "@aws-cdk/aws-iam": "1.108.1",
        "@aws-cdk/core": "1.108.1",
        "@aws-cdk/cx-api": "1.108.1",
        "constructs": "^3.3.69"
      },
      "engines": {
        "node": ">= 10.13.0 <13 || >=13.7.0"
      },
      "peerDependencies": {
        "@aws-cdk/aws-iam": "1.108.1",
        "@aws-cdk/core": "1.108.1",
        "@aws-cdk/cx-api": "1.108.1",
        "constructs": "^3.3.69"
      }
    },
    "node_modules/@aws-cdk/aws-lambda": {
      "version": "1.108.1",
      "resolved": "https://registry.npmjs.org/@aws-cdk/aws-lambda/-/aws-lambda-1.108.1.tgz",
      "integrity": "sha512-seb0CsgJvnM9wpMo1YCtz7dG1u5YuBruVxz+cmR7fsZ762bbJRU+0hdfWe+ZEKll90LTKtKfemt5IGom+3EVNA==",
      "dev": true,
      "dependencies": {
        "@aws-cdk/aws-applicationautoscaling": "1.108.1",
        "@aws-cdk/aws-cloudwatch": "1.108.1",
        "@aws-cdk/aws-codeguruprofiler": "1.108.1",
        "@aws-cdk/aws-ec2": "1.108.1",
        "@aws-cdk/aws-ecr": "1.108.1",
        "@aws-cdk/aws-ecr-assets": "1.108.1",
        "@aws-cdk/aws-efs": "1.108.1",
        "@aws-cdk/aws-events": "1.108.1",
        "@aws-cdk/aws-iam": "1.108.1",
        "@aws-cdk/aws-kms": "1.108.1",
        "@aws-cdk/aws-logs": "1.108.1",
        "@aws-cdk/aws-s3": "1.108.1",
        "@aws-cdk/aws-s3-assets": "1.108.1",
        "@aws-cdk/aws-signer": "1.108.1",
        "@aws-cdk/aws-sqs": "1.108.1",
        "@aws-cdk/core": "1.108.1",
        "@aws-cdk/cx-api": "1.108.1",
        "constructs": "^3.3.69"
      },
      "engines": {
        "node": ">= 10.13.0 <13 || >=13.7.0"
      },
      "peerDependencies": {
        "@aws-cdk/aws-applicationautoscaling": "1.108.1",
        "@aws-cdk/aws-cloudwatch": "1.108.1",
        "@aws-cdk/aws-codeguruprofiler": "1.108.1",
        "@aws-cdk/aws-ec2": "1.108.1",
        "@aws-cdk/aws-ecr": "1.108.1",
        "@aws-cdk/aws-ecr-assets": "1.108.1",
        "@aws-cdk/aws-efs": "1.108.1",
        "@aws-cdk/aws-events": "1.108.1",
        "@aws-cdk/aws-iam": "1.108.1",
        "@aws-cdk/aws-kms": "1.108.1",
        "@aws-cdk/aws-logs": "1.108.1",
        "@aws-cdk/aws-s3": "1.108.1",
        "@aws-cdk/aws-s3-assets": "1.108.1",
        "@aws-cdk/aws-signer": "1.108.1",
        "@aws-cdk/aws-sqs": "1.108.1",
        "@aws-cdk/core": "1.108.1",
        "@aws-cdk/cx-api": "1.108.1",
        "constructs": "^3.3.69"
      }
    },
    "node_modules/@aws-cdk/aws-logs": {
      "version": "1.108.1",
      "resolved": "https://registry.npmjs.org/@aws-cdk/aws-logs/-/aws-logs-1.108.1.tgz",
      "integrity": "sha512-yk3PwyQnXSacxkNBb03EjNgBoAQhWZzyfgXkt+AKPbUfTUmwm3/LrdjQWrW9cwFd1fKVoLk0BHeBGgPjpuieDg==",
      "dev": true,
      "dependencies": {
        "@aws-cdk/aws-cloudwatch": "1.108.1",
        "@aws-cdk/aws-iam": "1.108.1",
        "@aws-cdk/aws-kms": "1.108.1",
        "@aws-cdk/aws-s3-assets": "1.108.1",
        "@aws-cdk/core": "1.108.1",
        "constructs": "^3.3.69"
      },
      "engines": {
        "node": ">= 10.13.0 <13 || >=13.7.0"
      },
      "peerDependencies": {
        "@aws-cdk/aws-cloudwatch": "1.108.1",
        "@aws-cdk/aws-iam": "1.108.1",
        "@aws-cdk/aws-kms": "1.108.1",
        "@aws-cdk/aws-s3-assets": "1.108.1",
        "@aws-cdk/core": "1.108.1",
        "constructs": "^3.3.69"
      }
    },
    "node_modules/@aws-cdk/aws-route53": {
      "version": "1.108.1",
      "resolved": "https://registry.npmjs.org/@aws-cdk/aws-route53/-/aws-route53-1.108.1.tgz",
      "integrity": "sha512-PnpHqd910IsneCpUNtx6kbgssZnpVWwII8IQccYII0LmVtoArHNukOuFBl8CG3Wodw7at8psaOTTIxPyzkmXpg==",
      "dev": true,
      "dependencies": {
        "@aws-cdk/aws-ec2": "1.108.1",
        "@aws-cdk/aws-iam": "1.108.1",
        "@aws-cdk/aws-logs": "1.108.1",
        "@aws-cdk/cloud-assembly-schema": "1.108.1",
        "@aws-cdk/core": "1.108.1",
        "@aws-cdk/custom-resources": "1.108.1",
        "constructs": "^3.3.69"
      },
      "engines": {
        "node": ">= 10.13.0 <13 || >=13.7.0"
      },
      "peerDependencies": {
        "@aws-cdk/aws-ec2": "1.108.1",
        "@aws-cdk/aws-iam": "1.108.1",
        "@aws-cdk/aws-logs": "1.108.1",
        "@aws-cdk/cloud-assembly-schema": "1.108.1",
        "@aws-cdk/core": "1.108.1",
        "@aws-cdk/custom-resources": "1.108.1",
        "constructs": "^3.3.69"
      }
    },
    "node_modules/@aws-cdk/aws-s3": {
      "version": "1.108.1",
      "resolved": "https://registry.npmjs.org/@aws-cdk/aws-s3/-/aws-s3-1.108.1.tgz",
      "integrity": "sha512-mqTwBz0F/JTqKGm/t6LANvlzPzRnG18f4ICvc7zhb7UNIWl2/3c4XnhKpWoMesCg3zhEWFbja17fq5mgr3cOeg==",
      "dev": true,
      "dependencies": {
        "@aws-cdk/aws-events": "1.108.1",
        "@aws-cdk/aws-iam": "1.108.1",
        "@aws-cdk/aws-kms": "1.108.1",
        "@aws-cdk/core": "1.108.1",
        "@aws-cdk/cx-api": "1.108.1",
        "constructs": "^3.3.69"
      },
      "engines": {
        "node": ">= 10.13.0 <13 || >=13.7.0"
      },
      "peerDependencies": {
        "@aws-cdk/aws-events": "1.108.1",
        "@aws-cdk/aws-iam": "1.108.1",
        "@aws-cdk/aws-kms": "1.108.1",
        "@aws-cdk/core": "1.108.1",
        "@aws-cdk/cx-api": "1.108.1",
        "constructs": "^3.3.69"
      }
    },
    "node_modules/@aws-cdk/aws-s3-assets": {
      "version": "1.108.1",
      "resolved": "https://registry.npmjs.org/@aws-cdk/aws-s3-assets/-/aws-s3-assets-1.108.1.tgz",
      "integrity": "sha512-VLQEvfAmJpOAcguozfvblLE28hP7m26HC5AoXTP516Ll/uqvaXr230qnP/CZO7dVDbCxvugQIUsqk45fgeMtjA==",
      "dev": true,
      "dependencies": {
        "@aws-cdk/assets": "1.108.1",
        "@aws-cdk/aws-iam": "1.108.1",
        "@aws-cdk/aws-kms": "1.108.1",
        "@aws-cdk/aws-s3": "1.108.1",
        "@aws-cdk/core": "1.108.1",
        "@aws-cdk/cx-api": "1.108.1",
        "constructs": "^3.3.69"
      },
      "engines": {
        "node": ">= 10.13.0 <13 || >=13.7.0"
      },
      "peerDependencies": {
        "@aws-cdk/assets": "1.108.1",
        "@aws-cdk/aws-iam": "1.108.1",
        "@aws-cdk/aws-kms": "1.108.1",
        "@aws-cdk/aws-s3": "1.108.1",
        "@aws-cdk/core": "1.108.1",
        "@aws-cdk/cx-api": "1.108.1",
        "constructs": "^3.3.69"
      }
    },
    "node_modules/@aws-cdk/aws-signer": {
      "version": "1.108.1",
      "resolved": "https://registry.npmjs.org/@aws-cdk/aws-signer/-/aws-signer-1.108.1.tgz",
      "integrity": "sha512-fX98zYgFPjQIbG+i/UIvyxBBzTa01B7SyBG13uevWQF/6DA+xcMK9s6NRUlmGVbsmJh9e9CPdsuT3E8H7Plzdg==",
      "dev": true,
      "dependencies": {
        "@aws-cdk/core": "1.108.1",
        "constructs": "^3.3.69"
      },
      "engines": {
        "node": ">= 10.13.0 <13 || >=13.7.0"
      },
      "peerDependencies": {
        "@aws-cdk/core": "1.108.1",
        "constructs": "^3.3.69"
      }
    },
    "node_modules/@aws-cdk/aws-sns": {
      "version": "1.108.1",
      "resolved": "https://registry.npmjs.org/@aws-cdk/aws-sns/-/aws-sns-1.108.1.tgz",
      "integrity": "sha512-GbAxUakZWOB1zSNdunmYcQ0C9UVxCRkEtYyb695Vo6pvi9vHJp8MsaVYZzaIKz8/+M9FWK+n46hnEJl5t/GYNA==",
      "dev": true,
      "dependencies": {
        "@aws-cdk/aws-cloudwatch": "1.108.1",
        "@aws-cdk/aws-events": "1.108.1",
        "@aws-cdk/aws-iam": "1.108.1",
        "@aws-cdk/aws-kms": "1.108.1",
        "@aws-cdk/aws-sqs": "1.108.1",
        "@aws-cdk/core": "1.108.1",
        "constructs": "^3.3.69"
      },
      "engines": {
        "node": ">= 10.13.0 <13 || >=13.7.0"
      },
      "peerDependencies": {
        "@aws-cdk/aws-cloudwatch": "1.108.1",
        "@aws-cdk/aws-events": "1.108.1",
        "@aws-cdk/aws-iam": "1.108.1",
        "@aws-cdk/aws-kms": "1.108.1",
        "@aws-cdk/aws-sqs": "1.108.1",
        "@aws-cdk/core": "1.108.1",
        "constructs": "^3.3.69"
      }
    },
    "node_modules/@aws-cdk/aws-sqs": {
      "version": "1.108.1",
      "resolved": "https://registry.npmjs.org/@aws-cdk/aws-sqs/-/aws-sqs-1.108.1.tgz",
      "integrity": "sha512-6SWIDpaGITZMyc7bCc3/LGSSPJHg5Jo3QhZQKIvXBv99pd4eRa+H2Fxksy3ZRWZN+XUvgZKYOBnvhZ8+OEPurg==",
      "dev": true,
      "dependencies": {
        "@aws-cdk/aws-cloudwatch": "1.108.1",
        "@aws-cdk/aws-iam": "1.108.1",
        "@aws-cdk/aws-kms": "1.108.1",
        "@aws-cdk/core": "1.108.1",
        "constructs": "^3.3.69"
      },
      "engines": {
        "node": ">= 10.13.0 <13 || >=13.7.0"
      },
      "peerDependencies": {
        "@aws-cdk/aws-cloudwatch": "1.108.1",
        "@aws-cdk/aws-iam": "1.108.1",
        "@aws-cdk/aws-kms": "1.108.1",
        "@aws-cdk/core": "1.108.1",
        "constructs": "^3.3.69"
      }
    },
    "node_modules/@aws-cdk/aws-ssm": {
      "version": "1.108.1",
      "resolved": "https://registry.npmjs.org/@aws-cdk/aws-ssm/-/aws-ssm-1.108.1.tgz",
      "integrity": "sha512-QxE6+j8GasWUz+42PJZmhHqJ8A02pdzJxRIH46DChFcaM5uYA+Ht17Z8HD7cDJMZKeHwHh07b6rzeTOQHoujyQ==",
      "dev": true,
      "dependencies": {
        "@aws-cdk/aws-iam": "1.108.1",
        "@aws-cdk/aws-kms": "1.108.1",
        "@aws-cdk/cloud-assembly-schema": "1.108.1",
        "@aws-cdk/core": "1.108.1",
        "constructs": "^3.3.69"
      },
      "engines": {
        "node": ">= 10.13.0 <13 || >=13.7.0"
      },
      "peerDependencies": {
        "@aws-cdk/aws-iam": "1.108.1",
        "@aws-cdk/aws-kms": "1.108.1",
        "@aws-cdk/cloud-assembly-schema": "1.108.1",
        "@aws-cdk/core": "1.108.1",
        "constructs": "^3.3.69"
      }
    },
    "node_modules/@aws-cdk/cloud-assembly-schema": {
      "version": "1.108.1",
      "resolved": "https://registry.npmjs.org/@aws-cdk/cloud-assembly-schema/-/cloud-assembly-schema-1.108.1.tgz",
      "integrity": "sha512-iiKCV/FaEUYjk4O/KUJ/RAFcBQEpAdV4jfp1GSMshOrNAWVuq3fh69+bSjHFOMQzytVkPeVzapE4VWByt6rPug==",
      "bundleDependencies": [
        "jsonschema",
        "semver"
      ],
      "dev": true,
      "dependencies": {
        "jsonschema": "^1.4.0",
        "semver": "^7.3.5"
      },
      "engines": {
        "node": ">= 10.13.0 <13 || >=13.7.0"
      }
    },
    "node_modules/@aws-cdk/cloud-assembly-schema/node_modules/jsonschema": {
      "version": "1.4.0",
      "dev": true,
      "inBundle": true,
      "license": "MIT",
      "engines": {
        "node": "*"
      }
    },
    "node_modules/@aws-cdk/cloud-assembly-schema/node_modules/lru-cache": {
      "version": "6.0.0",
      "dev": true,
      "inBundle": true,
      "license": "ISC",
      "dependencies": {
        "yallist": "^4.0.0"
      },
      "engines": {
        "node": ">=10"
      }
    },
    "node_modules/@aws-cdk/cloud-assembly-schema/node_modules/semver": {
      "version": "7.3.5",
      "dev": true,
      "inBundle": true,
      "license": "ISC",
      "dependencies": {
        "lru-cache": "^6.0.0"
      },
      "bin": {
        "semver": "bin/semver.js"
      },
      "engines": {
        "node": ">=10"
      }
    },
    "node_modules/@aws-cdk/cloud-assembly-schema/node_modules/yallist": {
      "version": "4.0.0",
      "dev": true,
      "inBundle": true,
      "license": "ISC"
    },
    "node_modules/@aws-cdk/core": {
      "version": "1.108.1",
      "resolved": "https://registry.npmjs.org/@aws-cdk/core/-/core-1.108.1.tgz",
      "integrity": "sha512-bueaCVoNc4fYjwhZEYpuO1zDMBLPzbGtRIbbQBjXNu4So+YRk7WkTxmjvmjG0rjp8C5fTWJl5eo6Jlj/HCKBbg==",
      "bundleDependencies": [
        "fs-extra",
        "minimatch",
        "@balena/dockerignore",
        "ignore"
      ],
      "dev": true,
      "dependencies": {
        "@aws-cdk/cloud-assembly-schema": "1.108.1",
        "@aws-cdk/cx-api": "1.108.1",
        "@aws-cdk/region-info": "1.108.1",
        "@balena/dockerignore": "^1.0.2",
        "constructs": "^3.3.69",
        "fs-extra": "^9.1.0",
        "ignore": "^5.1.8",
        "minimatch": "^3.0.4"
      },
      "engines": {
        "node": ">= 10.13.0 <13 || >=13.7.0"
      },
      "peerDependencies": {
        "@aws-cdk/cloud-assembly-schema": "1.108.1",
        "@aws-cdk/cx-api": "1.108.1",
        "@aws-cdk/region-info": "1.108.1",
        "constructs": "^3.3.69"
      }
    },
    "node_modules/@aws-cdk/core/node_modules/@balena/dockerignore": {
      "version": "1.0.2",
      "dev": true,
      "inBundle": true,
      "license": "Apache-2.0"
    },
    "node_modules/@aws-cdk/core/node_modules/at-least-node": {
      "version": "1.0.0",
      "dev": true,
      "inBundle": true,
      "license": "ISC",
      "engines": {
        "node": ">= 4.0.0"
      }
    },
    "node_modules/@aws-cdk/core/node_modules/balanced-match": {
      "version": "1.0.2",
      "dev": true,
      "inBundle": true,
      "license": "MIT"
    },
    "node_modules/@aws-cdk/core/node_modules/brace-expansion": {
      "version": "1.1.11",
      "dev": true,
      "inBundle": true,
      "license": "MIT",
      "dependencies": {
        "balanced-match": "^1.0.0",
        "concat-map": "0.0.1"
      }
    },
    "node_modules/@aws-cdk/core/node_modules/concat-map": {
      "version": "0.0.1",
      "dev": true,
      "inBundle": true,
      "license": "MIT"
    },
    "node_modules/@aws-cdk/core/node_modules/fs-extra": {
      "version": "9.1.0",
      "dev": true,
      "inBundle": true,
      "license": "MIT",
      "dependencies": {
        "at-least-node": "^1.0.0",
        "graceful-fs": "^4.2.0",
        "jsonfile": "^6.0.1",
        "universalify": "^2.0.0"
      },
      "engines": {
        "node": ">=10"
      }
    },
    "node_modules/@aws-cdk/core/node_modules/graceful-fs": {
      "version": "4.2.6",
      "dev": true,
      "inBundle": true,
      "license": "ISC"
    },
    "node_modules/@aws-cdk/core/node_modules/ignore": {
      "version": "5.1.8",
      "dev": true,
      "inBundle": true,
      "license": "MIT",
      "engines": {
        "node": ">= 4"
      }
    },
    "node_modules/@aws-cdk/core/node_modules/jsonfile": {
      "version": "6.1.0",
      "dev": true,
      "inBundle": true,
      "license": "MIT",
      "dependencies": {
        "universalify": "^2.0.0"
      },
      "optionalDependencies": {
        "graceful-fs": "^4.1.6"
      }
    },
    "node_modules/@aws-cdk/core/node_modules/minimatch": {
      "version": "3.0.4",
      "dev": true,
      "inBundle": true,
      "license": "ISC",
      "dependencies": {
        "brace-expansion": "^1.1.7"
      },
      "engines": {
        "node": "*"
      }
    },
    "node_modules/@aws-cdk/core/node_modules/universalify": {
      "version": "2.0.0",
      "dev": true,
      "inBundle": true,
      "license": "MIT",
      "engines": {
        "node": ">= 10.0.0"
      }
    },
    "node_modules/@aws-cdk/custom-resources": {
      "version": "1.108.1",
      "resolved": "https://registry.npmjs.org/@aws-cdk/custom-resources/-/custom-resources-1.108.1.tgz",
      "integrity": "sha512-NCZ1+9/Pp3+/q864vkuT9RnJiffnGckP/UlU6zb2ivrdLKT4NE3gR6WsSbQC+Gmd/1+k91ulUNY/PItJjYoM3g==",
      "dev": true,
      "dependencies": {
        "@aws-cdk/aws-cloudformation": "1.108.1",
        "@aws-cdk/aws-ec2": "1.108.1",
        "@aws-cdk/aws-iam": "1.108.1",
        "@aws-cdk/aws-lambda": "1.108.1",
        "@aws-cdk/aws-logs": "1.108.1",
        "@aws-cdk/aws-sns": "1.108.1",
        "@aws-cdk/core": "1.108.1",
        "constructs": "^3.3.69"
      },
      "engines": {
        "node": ">= 10.13.0 <13 || >=13.7.0"
      },
      "peerDependencies": {
        "@aws-cdk/aws-cloudformation": "1.108.1",
        "@aws-cdk/aws-ec2": "1.108.1",
        "@aws-cdk/aws-iam": "1.108.1",
        "@aws-cdk/aws-lambda": "1.108.1",
        "@aws-cdk/aws-logs": "1.108.1",
        "@aws-cdk/aws-sns": "1.108.1",
        "@aws-cdk/core": "1.108.1",
        "constructs": "^3.3.69"
      }
    },
    "node_modules/@aws-cdk/cx-api": {
      "version": "1.108.1",
      "resolved": "https://registry.npmjs.org/@aws-cdk/cx-api/-/cx-api-1.108.1.tgz",
      "integrity": "sha512-hIHv+3jEonV8UMUk4Yt9R8S0MttZDTOLvju7o+WzQvC43ffo+pRt9bIPQSdO0js9wEPcZX84HMB28NeQScGdMQ==",
      "bundleDependencies": [
        "semver"
      ],
      "dev": true,
      "dependencies": {
        "@aws-cdk/cloud-assembly-schema": "1.108.1",
        "semver": "^7.3.5"
      },
      "engines": {
        "node": ">= 10.13.0 <13 || >=13.7.0"
      },
      "peerDependencies": {
        "@aws-cdk/cloud-assembly-schema": "1.108.1"
      }
    },
    "node_modules/@aws-cdk/cx-api/node_modules/lru-cache": {
      "version": "6.0.0",
      "dev": true,
      "inBundle": true,
      "license": "ISC",
      "dependencies": {
        "yallist": "^4.0.0"
      },
      "engines": {
        "node": ">=10"
      }
    },
    "node_modules/@aws-cdk/cx-api/node_modules/semver": {
      "version": "7.3.5",
      "dev": true,
      "inBundle": true,
      "license": "ISC",
      "dependencies": {
        "lru-cache": "^6.0.0"
      },
      "bin": {
        "semver": "bin/semver.js"
      },
      "engines": {
        "node": ">=10"
      }
    },
    "node_modules/@aws-cdk/cx-api/node_modules/yallist": {
      "version": "4.0.0",
      "dev": true,
      "inBundle": true,
      "license": "ISC"
    },
    "node_modules/@aws-cdk/region-info": {
      "version": "1.108.1",
      "resolved": "https://registry.npmjs.org/@aws-cdk/region-info/-/region-info-1.108.1.tgz",
      "integrity": "sha512-wgK6cgVJdC7zywYw/XPVZ/2SvqtmjsQ+qou+pgtQul6y3zIYPZjHifVwJlxyNO2DtE9c1CMrMlpGzQG6B83wyw==",
      "dev": true,
      "engines": {
        "node": ">= 10.13.0 <13 || >=13.7.0"
      }
    },
    "node_modules/constructs": {
      "version": "3.3.77",
      "resolved": "https://registry.npmjs.org/constructs/-/constructs-3.3.77.tgz",
      "integrity": "sha512-A9xWepIkiED0baaEWxokUvRnPrxcAwoCsyIPDAJ3VqQ90juiIHQ0gkW9GX0nG6c+Go5l1dL5FZIFZBeayx+xIg==",
      "dev": true,
      "engines": {
        "node": ">= 10.17.0"
      }
    }
  },
  "dependencies": {
    "@aws-cdk/assets": {
      "version": "1.108.1",
      "resolved": "https://registry.npmjs.org/@aws-cdk/assets/-/assets-1.108.1.tgz",
      "integrity": "sha512-SNj0y944vstV98qfHKe+lxuLgRLp2hMeCa8aKZPH95MfWqJ5ioNp/cP3GIF0j8Ek0NsREgsN7SzsjYTR2vccdw==",
      "dev": true,
      "requires": {
        "@aws-cdk/core": "1.108.1",
        "@aws-cdk/cx-api": "1.108.1",
        "constructs": "^3.3.69"
      }
    },
    "@aws-cdk/aws-applicationautoscaling": {
      "version": "1.108.1",
      "resolved": "https://registry.npmjs.org/@aws-cdk/aws-applicationautoscaling/-/aws-applicationautoscaling-1.108.1.tgz",
      "integrity": "sha512-75iGnGBdb3cXE/SnpTDNh+LCOnAHaK0GEwMGgxHOr0IXbMYbLRuRHQdSjHffRzTF9zH17DoW+fi9qvSkkFduKw==",
      "dev": true,
      "requires": {
        "@aws-cdk/aws-autoscaling-common": "1.108.1",
        "@aws-cdk/aws-cloudwatch": "1.108.1",
        "@aws-cdk/aws-iam": "1.108.1",
        "@aws-cdk/core": "1.108.1",
        "constructs": "^3.3.69"
      }
    },
    "@aws-cdk/aws-autoscaling-common": {
      "version": "1.108.1",
      "resolved": "https://registry.npmjs.org/@aws-cdk/aws-autoscaling-common/-/aws-autoscaling-common-1.108.1.tgz",
      "integrity": "sha512-ZX0wSa5OSlVDHuuLX0PZdzVHkBU+X2O5n7hpCY57Ix/5zjwB6R7oT7A8FyRvpjqF1L/zFXco48tjbZ6hpGT2Fg==",
      "dev": true,
      "requires": {
        "@aws-cdk/aws-iam": "1.108.1",
        "@aws-cdk/core": "1.108.1",
        "constructs": "^3.3.69"
      }
    },
    "@aws-cdk/aws-certificatemanager": {
      "version": "1.108.1",
      "resolved": "https://registry.npmjs.org/@aws-cdk/aws-certificatemanager/-/aws-certificatemanager-1.108.1.tgz",
      "integrity": "sha512-TkKcczgzQk+nTCA/5ypxG7khBF0m7NrdS0zej30MmNRM1J2oxoh7Lx11ZsbKU1uYMuyFEKXDoK4n9Fq83dzqEw==",
      "dev": true,
      "requires": {
        "@aws-cdk/aws-iam": "1.108.1",
        "@aws-cdk/aws-lambda": "1.108.1",
        "@aws-cdk/aws-route53": "1.108.1",
        "@aws-cdk/core": "1.108.1",
        "constructs": "^3.3.69"
      }
    },
    "@aws-cdk/aws-cloudformation": {
      "version": "1.108.1",
      "resolved": "https://registry.npmjs.org/@aws-cdk/aws-cloudformation/-/aws-cloudformation-1.108.1.tgz",
      "integrity": "sha512-RNRO4hExbfgtGT5NmtTSZ9YvkfpRbwBKw/jfQoKNkkwi+DMmcliAKSx/0TyScubUQgej4lbNgLgMm0XlgM0+qw==",
      "dev": true,
      "requires": {
        "@aws-cdk/aws-iam": "1.108.1",
        "@aws-cdk/aws-lambda": "1.108.1",
        "@aws-cdk/aws-s3": "1.108.1",
        "@aws-cdk/aws-sns": "1.108.1",
        "@aws-cdk/core": "1.108.1",
        "@aws-cdk/cx-api": "1.108.1",
        "constructs": "^3.3.69"
      }
    },
    "@aws-cdk/aws-cloudwatch": {
      "version": "1.108.1",
      "resolved": "https://registry.npmjs.org/@aws-cdk/aws-cloudwatch/-/aws-cloudwatch-1.108.1.tgz",
      "integrity": "sha512-Qm4Pf8YcrM5XmGW/YyS9CKuoYT254Ffch7axF4W6swC6XUb6Vg5umYji8yWLmlT4EwQzd4EBdHZkjX9ezWP70g==",
      "dev": true,
      "requires": {
        "@aws-cdk/aws-iam": "1.108.1",
        "@aws-cdk/core": "1.108.1",
        "constructs": "^3.3.69"
      }
    },
    "@aws-cdk/aws-codeguruprofiler": {
      "version": "1.108.1",
      "resolved": "https://registry.npmjs.org/@aws-cdk/aws-codeguruprofiler/-/aws-codeguruprofiler-1.108.1.tgz",
      "integrity": "sha512-oMY8MEtoeBjL/GTBhdWDommOea2m+TYTbzg9z4TZjktBgF9pTi/e5gsD6HHFvEPQ0vnrVi6lR0+hw/wtZFaV6w==",
      "dev": true,
      "requires": {
        "@aws-cdk/aws-iam": "1.108.1",
        "@aws-cdk/core": "1.108.1",
        "constructs": "^3.3.69"
      }
    },
    "@aws-cdk/aws-ec2": {
      "version": "1.108.1",
      "resolved": "https://registry.npmjs.org/@aws-cdk/aws-ec2/-/aws-ec2-1.108.1.tgz",
      "integrity": "sha512-ioPen5zfjtk7ZzLaDxSKxR2lyOFZzI1M1pljy+eRnipmi7EecrIA87wNY3785DOEWerR8Woh+1Ot1G+ujYQIdA==",
      "dev": true,
      "requires": {
        "@aws-cdk/aws-cloudwatch": "1.108.1",
        "@aws-cdk/aws-iam": "1.108.1",
        "@aws-cdk/aws-kms": "1.108.1",
        "@aws-cdk/aws-logs": "1.108.1",
        "@aws-cdk/aws-s3": "1.108.1",
        "@aws-cdk/aws-s3-assets": "1.108.1",
        "@aws-cdk/aws-ssm": "1.108.1",
        "@aws-cdk/cloud-assembly-schema": "1.108.1",
        "@aws-cdk/core": "1.108.1",
        "@aws-cdk/cx-api": "1.108.1",
        "@aws-cdk/region-info": "1.108.1",
        "constructs": "^3.3.69"
      }
    },
    "@aws-cdk/aws-ecr": {
      "version": "1.108.1",
      "resolved": "https://registry.npmjs.org/@aws-cdk/aws-ecr/-/aws-ecr-1.108.1.tgz",
      "integrity": "sha512-zA1WczPjgEGRWSoEd7lLAmgclu35ks7iTcVhyMJbY+tHmc6CP0ak5B+qgwsPBjQT5ApBRb8vIb2UqmtB0tfzMQ==",
      "dev": true,
      "requires": {
        "@aws-cdk/aws-events": "1.108.1",
        "@aws-cdk/aws-iam": "1.108.1",
        "@aws-cdk/core": "1.108.1",
        "constructs": "^3.3.69"
      }
    },
    "@aws-cdk/aws-ecr-assets": {
      "version": "1.108.1",
      "resolved": "https://registry.npmjs.org/@aws-cdk/aws-ecr-assets/-/aws-ecr-assets-1.108.1.tgz",
      "integrity": "sha512-/JWUCeyfVlsEqpfz23ZyXP4tg1p3xekt7llxiMIQnuV02rVJf5aLqEjOwIROVFqi3Dip+x/VDfFO7AsBaTWZEg==",
      "dev": true,
      "requires": {
        "@aws-cdk/assets": "1.108.1",
        "@aws-cdk/aws-ecr": "1.108.1",
        "@aws-cdk/aws-iam": "1.108.1",
        "@aws-cdk/aws-s3": "1.108.1",
        "@aws-cdk/core": "1.108.1",
        "@aws-cdk/cx-api": "1.108.1",
        "constructs": "^3.3.69",
        "minimatch": "^3.0.4"
      },
      "dependencies": {
        "balanced-match": {
          "version": "1.0.2",
          "bundled": true,
          "dev": true
        },
        "brace-expansion": {
          "version": "1.1.11",
          "bundled": true,
          "dev": true,
          "requires": {
            "balanced-match": "^1.0.0",
            "concat-map": "0.0.1"
          }
        },
        "concat-map": {
          "version": "0.0.1",
          "bundled": true,
          "dev": true
        },
        "minimatch": {
          "version": "3.0.4",
          "bundled": true,
          "dev": true,
          "requires": {
            "brace-expansion": "^1.1.7"
          }
        }
      }
    },
    "@aws-cdk/aws-efs": {
      "version": "1.108.1",
      "resolved": "https://registry.npmjs.org/@aws-cdk/aws-efs/-/aws-efs-1.108.1.tgz",
      "integrity": "sha512-Toj+oGpvdRCgqtb4wmA7D/IIVTlnCeKnNFtPvC6KBMNh2HlhhrHqzE0o88My4AdkqsqkqizWZWOQxkB3SkMoqg==",
      "dev": true,
      "requires": {
        "@aws-cdk/aws-ec2": "1.108.1",
        "@aws-cdk/aws-kms": "1.108.1",
        "@aws-cdk/cloud-assembly-schema": "1.108.1",
        "@aws-cdk/core": "1.108.1",
        "@aws-cdk/cx-api": "1.108.1",
        "constructs": "^3.3.69"
      }
    },
    "@aws-cdk/aws-events": {
      "version": "1.108.1",
      "resolved": "https://registry.npmjs.org/@aws-cdk/aws-events/-/aws-events-1.108.1.tgz",
      "integrity": "sha512-fMZf6dm4WGNw/mVKfYdWIyh2cQhOS5RNyqNyiT7dvjf4Pw1w4L+cwU1+CvD0j/oGy+fgw+qKiW7VEj+IGJtFRw==",
      "dev": true,
      "requires": {
        "@aws-cdk/aws-iam": "1.108.1",
        "@aws-cdk/core": "1.108.1",
        "constructs": "^3.3.69"
      }
    },
    "@aws-cdk/aws-iam": {
      "version": "1.108.1",
      "resolved": "https://registry.npmjs.org/@aws-cdk/aws-iam/-/aws-iam-1.108.1.tgz",
      "integrity": "sha512-ub0+RfM/TmfCrcIqmGGqk7QpmfR9M7qn1xqwJPxMAkZHvm+gklRgv38DrS32kHJkDEHlfVgtE+I76YjmRmti3A==",
      "dev": true,
      "requires": {
        "@aws-cdk/core": "1.108.1",
        "@aws-cdk/region-info": "1.108.1",
        "constructs": "^3.3.69"
      }
    },
    "@aws-cdk/aws-kms": {
      "version": "1.108.1",
      "resolved": "https://registry.npmjs.org/@aws-cdk/aws-kms/-/aws-kms-1.108.1.tgz",
      "integrity": "sha512-jMzu7UtHqdhqEpCIRcc98AhUuesDGZNKcukKkXaDVmTiPcQSEFWVl8SafAy2QA08HDion9TIgE3y+g8FhIxkaw==",
      "dev": true,
      "requires": {
        "@aws-cdk/aws-iam": "1.108.1",
        "@aws-cdk/core": "1.108.1",
        "@aws-cdk/cx-api": "1.108.1",
        "constructs": "^3.3.69"
      }
    },
    "@aws-cdk/aws-lambda": {
      "version": "1.108.1",
      "resolved": "https://registry.npmjs.org/@aws-cdk/aws-lambda/-/aws-lambda-1.108.1.tgz",
      "integrity": "sha512-seb0CsgJvnM9wpMo1YCtz7dG1u5YuBruVxz+cmR7fsZ762bbJRU+0hdfWe+ZEKll90LTKtKfemt5IGom+3EVNA==",
      "dev": true,
      "requires": {
        "@aws-cdk/aws-applicationautoscaling": "1.108.1",
        "@aws-cdk/aws-cloudwatch": "1.108.1",
        "@aws-cdk/aws-codeguruprofiler": "1.108.1",
        "@aws-cdk/aws-ec2": "1.108.1",
        "@aws-cdk/aws-ecr": "1.108.1",
        "@aws-cdk/aws-ecr-assets": "1.108.1",
        "@aws-cdk/aws-efs": "1.108.1",
        "@aws-cdk/aws-events": "1.108.1",
        "@aws-cdk/aws-iam": "1.108.1",
        "@aws-cdk/aws-kms": "1.108.1",
        "@aws-cdk/aws-logs": "1.108.1",
        "@aws-cdk/aws-s3": "1.108.1",
        "@aws-cdk/aws-s3-assets": "1.108.1",
        "@aws-cdk/aws-signer": "1.108.1",
        "@aws-cdk/aws-sqs": "1.108.1",
        "@aws-cdk/core": "1.108.1",
        "@aws-cdk/cx-api": "1.108.1",
        "constructs": "^3.3.69"
      }
    },
    "@aws-cdk/aws-logs": {
      "version": "1.108.1",
      "resolved": "https://registry.npmjs.org/@aws-cdk/aws-logs/-/aws-logs-1.108.1.tgz",
      "integrity": "sha512-yk3PwyQnXSacxkNBb03EjNgBoAQhWZzyfgXkt+AKPbUfTUmwm3/LrdjQWrW9cwFd1fKVoLk0BHeBGgPjpuieDg==",
      "dev": true,
      "requires": {
        "@aws-cdk/aws-cloudwatch": "1.108.1",
        "@aws-cdk/aws-iam": "1.108.1",
        "@aws-cdk/aws-kms": "1.108.1",
        "@aws-cdk/aws-s3-assets": "1.108.1",
        "@aws-cdk/core": "1.108.1",
        "constructs": "^3.3.69"
      }
    },
    "@aws-cdk/aws-route53": {
      "version": "1.108.1",
      "resolved": "https://registry.npmjs.org/@aws-cdk/aws-route53/-/aws-route53-1.108.1.tgz",
      "integrity": "sha512-PnpHqd910IsneCpUNtx6kbgssZnpVWwII8IQccYII0LmVtoArHNukOuFBl8CG3Wodw7at8psaOTTIxPyzkmXpg==",
      "dev": true,
      "requires": {
        "@aws-cdk/aws-ec2": "1.108.1",
        "@aws-cdk/aws-iam": "1.108.1",
        "@aws-cdk/aws-logs": "1.108.1",
        "@aws-cdk/cloud-assembly-schema": "1.108.1",
        "@aws-cdk/core": "1.108.1",
        "@aws-cdk/custom-resources": "1.108.1",
        "constructs": "^3.3.69"
      }
    },
    "@aws-cdk/aws-s3": {
      "version": "1.108.1",
      "resolved": "https://registry.npmjs.org/@aws-cdk/aws-s3/-/aws-s3-1.108.1.tgz",
      "integrity": "sha512-mqTwBz0F/JTqKGm/t6LANvlzPzRnG18f4ICvc7zhb7UNIWl2/3c4XnhKpWoMesCg3zhEWFbja17fq5mgr3cOeg==",
      "dev": true,
      "requires": {
        "@aws-cdk/aws-events": "1.108.1",
        "@aws-cdk/aws-iam": "1.108.1",
        "@aws-cdk/aws-kms": "1.108.1",
        "@aws-cdk/core": "1.108.1",
        "@aws-cdk/cx-api": "1.108.1",
        "constructs": "^3.3.69"
      }
    },
    "@aws-cdk/aws-s3-assets": {
      "version": "1.108.1",
      "resolved": "https://registry.npmjs.org/@aws-cdk/aws-s3-assets/-/aws-s3-assets-1.108.1.tgz",
      "integrity": "sha512-VLQEvfAmJpOAcguozfvblLE28hP7m26HC5AoXTP516Ll/uqvaXr230qnP/CZO7dVDbCxvugQIUsqk45fgeMtjA==",
      "dev": true,
      "requires": {
        "@aws-cdk/assets": "1.108.1",
        "@aws-cdk/aws-iam": "1.108.1",
        "@aws-cdk/aws-kms": "1.108.1",
        "@aws-cdk/aws-s3": "1.108.1",
        "@aws-cdk/core": "1.108.1",
        "@aws-cdk/cx-api": "1.108.1",
        "constructs": "^3.3.69"
      }
    },
    "@aws-cdk/aws-signer": {
      "version": "1.108.1",
      "resolved": "https://registry.npmjs.org/@aws-cdk/aws-signer/-/aws-signer-1.108.1.tgz",
      "integrity": "sha512-fX98zYgFPjQIbG+i/UIvyxBBzTa01B7SyBG13uevWQF/6DA+xcMK9s6NRUlmGVbsmJh9e9CPdsuT3E8H7Plzdg==",
      "dev": true,
      "requires": {
        "@aws-cdk/core": "1.108.1",
        "constructs": "^3.3.69"
      }
    },
    "@aws-cdk/aws-sns": {
      "version": "1.108.1",
      "resolved": "https://registry.npmjs.org/@aws-cdk/aws-sns/-/aws-sns-1.108.1.tgz",
      "integrity": "sha512-GbAxUakZWOB1zSNdunmYcQ0C9UVxCRkEtYyb695Vo6pvi9vHJp8MsaVYZzaIKz8/+M9FWK+n46hnEJl5t/GYNA==",
      "dev": true,
      "requires": {
        "@aws-cdk/aws-cloudwatch": "1.108.1",
        "@aws-cdk/aws-events": "1.108.1",
        "@aws-cdk/aws-iam": "1.108.1",
        "@aws-cdk/aws-kms": "1.108.1",
        "@aws-cdk/aws-sqs": "1.108.1",
        "@aws-cdk/core": "1.108.1",
        "constructs": "^3.3.69"
      }
    },
    "@aws-cdk/aws-sqs": {
      "version": "1.108.1",
      "resolved": "https://registry.npmjs.org/@aws-cdk/aws-sqs/-/aws-sqs-1.108.1.tgz",
      "integrity": "sha512-6SWIDpaGITZMyc7bCc3/LGSSPJHg5Jo3QhZQKIvXBv99pd4eRa+H2Fxksy3ZRWZN+XUvgZKYOBnvhZ8+OEPurg==",
      "dev": true,
      "requires": {
        "@aws-cdk/aws-cloudwatch": "1.108.1",
        "@aws-cdk/aws-iam": "1.108.1",
        "@aws-cdk/aws-kms": "1.108.1",
        "@aws-cdk/core": "1.108.1",
        "constructs": "^3.3.69"
      }
    },
    "@aws-cdk/aws-ssm": {
      "version": "1.108.1",
      "resolved": "https://registry.npmjs.org/@aws-cdk/aws-ssm/-/aws-ssm-1.108.1.tgz",
      "integrity": "sha512-QxE6+j8GasWUz+42PJZmhHqJ8A02pdzJxRIH46DChFcaM5uYA+Ht17Z8HD7cDJMZKeHwHh07b6rzeTOQHoujyQ==",
      "dev": true,
      "requires": {
        "@aws-cdk/aws-iam": "1.108.1",
        "@aws-cdk/aws-kms": "1.108.1",
        "@aws-cdk/cloud-assembly-schema": "1.108.1",
        "@aws-cdk/core": "1.108.1",
        "constructs": "^3.3.69"
      }
    },
    "@aws-cdk/cloud-assembly-schema": {
      "version": "1.108.1",
      "resolved": "https://registry.npmjs.org/@aws-cdk/cloud-assembly-schema/-/cloud-assembly-schema-1.108.1.tgz",
      "integrity": "sha512-iiKCV/FaEUYjk4O/KUJ/RAFcBQEpAdV4jfp1GSMshOrNAWVuq3fh69+bSjHFOMQzytVkPeVzapE4VWByt6rPug==",
      "dev": true,
      "requires": {
        "jsonschema": "^1.4.0",
        "semver": "^7.3.5"
      },
      "dependencies": {
        "jsonschema": {
          "version": "1.4.0",
          "bundled": true,
          "dev": true
        },
        "lru-cache": {
          "version": "6.0.0",
          "bundled": true,
          "dev": true,
          "requires": {
            "yallist": "^4.0.0"
          }
        },
        "semver": {
          "version": "7.3.5",
          "bundled": true,
          "dev": true,
          "requires": {
            "lru-cache": "^6.0.0"
          }
        },
        "yallist": {
          "version": "4.0.0",
          "bundled": true,
          "dev": true
        }
      }
    },
    "@aws-cdk/core": {
      "version": "1.108.1",
      "resolved": "https://registry.npmjs.org/@aws-cdk/core/-/core-1.108.1.tgz",
      "integrity": "sha512-bueaCVoNc4fYjwhZEYpuO1zDMBLPzbGtRIbbQBjXNu4So+YRk7WkTxmjvmjG0rjp8C5fTWJl5eo6Jlj/HCKBbg==",
      "dev": true,
      "requires": {
        "@aws-cdk/cloud-assembly-schema": "1.108.1",
        "@aws-cdk/cx-api": "1.108.1",
        "@aws-cdk/region-info": "1.108.1",
        "@balena/dockerignore": "^1.0.2",
        "constructs": "^3.3.69",
        "fs-extra": "^9.1.0",
        "ignore": "^5.1.8",
        "minimatch": "^3.0.4"
      },
      "dependencies": {
        "@balena/dockerignore": {
          "version": "1.0.2",
          "bundled": true,
          "dev": true
        },
        "at-least-node": {
          "version": "1.0.0",
          "bundled": true,
          "dev": true
        },
        "balanced-match": {
          "version": "1.0.2",
          "bundled": true,
          "dev": true
        },
        "brace-expansion": {
          "version": "1.1.11",
          "bundled": true,
          "dev": true,
          "requires": {
            "balanced-match": "^1.0.0",
            "concat-map": "0.0.1"
          }
        },
        "concat-map": {
          "version": "0.0.1",
          "bundled": true,
          "dev": true
        },
        "fs-extra": {
          "version": "9.1.0",
          "bundled": true,
          "dev": true,
          "requires": {
            "at-least-node": "^1.0.0",
            "graceful-fs": "^4.2.0",
            "jsonfile": "^6.0.1",
            "universalify": "^2.0.0"
          }
        },
        "graceful-fs": {
          "version": "4.2.6",
          "bundled": true,
          "dev": true
        },
        "ignore": {
          "version": "5.1.8",
          "bundled": true,
          "dev": true
        },
        "jsonfile": {
          "version": "6.1.0",
          "bundled": true,
          "dev": true,
          "requires": {
            "graceful-fs": "^4.1.6",
            "universalify": "^2.0.0"
          }
        },
        "minimatch": {
          "version": "3.0.4",
          "bundled": true,
          "dev": true,
          "requires": {
            "brace-expansion": "^1.1.7"
          }
        },
        "universalify": {
          "version": "2.0.0",
          "bundled": true,
          "dev": true
        }
      }
    },
    "@aws-cdk/custom-resources": {
      "version": "1.108.1",
      "resolved": "https://registry.npmjs.org/@aws-cdk/custom-resources/-/custom-resources-1.108.1.tgz",
      "integrity": "sha512-NCZ1+9/Pp3+/q864vkuT9RnJiffnGckP/UlU6zb2ivrdLKT4NE3gR6WsSbQC+Gmd/1+k91ulUNY/PItJjYoM3g==",
      "dev": true,
      "requires": {
        "@aws-cdk/aws-cloudformation": "1.108.1",
        "@aws-cdk/aws-ec2": "1.108.1",
        "@aws-cdk/aws-iam": "1.108.1",
        "@aws-cdk/aws-lambda": "1.108.1",
        "@aws-cdk/aws-logs": "1.108.1",
        "@aws-cdk/aws-sns": "1.108.1",
        "@aws-cdk/core": "1.108.1",
        "constructs": "^3.3.69"
      }
    },
    "@aws-cdk/cx-api": {
      "version": "1.108.1",
      "resolved": "https://registry.npmjs.org/@aws-cdk/cx-api/-/cx-api-1.108.1.tgz",
      "integrity": "sha512-hIHv+3jEonV8UMUk4Yt9R8S0MttZDTOLvju7o+WzQvC43ffo+pRt9bIPQSdO0js9wEPcZX84HMB28NeQScGdMQ==",
      "dev": true,
      "requires": {
        "@aws-cdk/cloud-assembly-schema": "1.108.1",
        "semver": "^7.3.5"
      },
      "dependencies": {
        "lru-cache": {
          "version": "6.0.0",
          "bundled": true,
          "dev": true,
          "requires": {
            "yallist": "^4.0.0"
          }
        },
        "semver": {
          "version": "7.3.5",
          "bundled": true,
          "dev": true,
          "requires": {
            "lru-cache": "^6.0.0"
          }
        },
        "yallist": {
          "version": "4.0.0",
          "bundled": true,
          "dev": true
        }
      }
    },
    "@aws-cdk/region-info": {
      "version": "1.108.1",
      "resolved": "https://registry.npmjs.org/@aws-cdk/region-info/-/region-info-1.108.1.tgz",
      "integrity": "sha512-wgK6cgVJdC7zywYw/XPVZ/2SvqtmjsQ+qou+pgtQul6y3zIYPZjHifVwJlxyNO2DtE9c1CMrMlpGzQG6B83wyw==",
      "dev": true
    },
    "constructs": {
      "version": "3.3.77",
      "resolved": "https://registry.npmjs.org/constructs/-/constructs-3.3.77.tgz",
      "integrity": "sha512-A9xWepIkiED0baaEWxokUvRnPrxcAwoCsyIPDAJ3VqQ90juiIHQ0gkW9GX0nG6c+Go5l1dL5FZIFZBeayx+xIg==",
      "dev": true
    }
  }
}
